
Microsoft Visual Studio Solution File, Format Version 12.00
# Visual Studio Version 16
VisualStudioVersion = 16.0.31410.357
MinimumVisualStudioVersion = 10.0.40219.1
Project("{FAE04EC0-301F-11D3-BF4B-00C04F79EFBC}") = "TestMVCApp", "TestMVCApp.csproj", "{C2AC414D-6F00-498B-B7B6-3CD0B7DF2541}"
EndProject
Global
	GlobalSection(SolutionConfigurationPlatforms) = preSolution
		Debug|Any CPU = Debug|Any CPU
		Release|Any CPU = Release|Any CPU
	EndGlobalSection
	GlobalSection(ProjectConfigurationPlatforms) = postSolution
		{C2AC414D-6F00-498B-B7B6-3CD0B7DF2541}.Debug|Any CPU.ActiveCfg = Debug|Any CPU
		{C2AC414D-6F00-498B-B7B6-3CD0B7DF2541}.Debug|Any CPU.Build.0 = Debug|Any CPU
		{C2AC414D-6F00-498B-B7B6-3CD0B7DF2541}.Release|Any CPU.ActiveCfg = Release|Any CPU
		{C2AC414D-6F00-498B-B7B6-3CD0B7DF2541}.Release|Any CPU.Build.0 = Release|Any CPU
	EndGlobalSection
	GlobalSection(SolutionProperties) = preSolution
		HideSolutionNode = FALSE
	EndGlobalSection
	GlobalSection(ExtensibilityGlobals) = postSolution
		SolutionGuid = {17703318-39D5-4EAB-9425-05424E7EC0F7}
	EndGlobalSection
EndGlobal
